// !$*UTF8*$!
{
	archiveVersion = 1;
	classes = {
	};
	objectVersion = 46;
	objects = {

/* Begin PBXBuildFile section */
		22CA74E21902502900D9DC0D /* ForgotPasswordViewController.m in Sources */ = {isa = PBXBuildFile; fileRef = 22CA74E11902502900D9DC0D /* ForgotPasswordViewController.m */; };
		9F16212618F6CCA3002512AF /* HomeViewController.m in Sources */ = {isa = PBXBuildFile; fileRef = 9F16212418F6CCA3002512AF /* HomeViewController.m */; };
		9F16212718F6CCA3002512AF /* HomeViewController.xib in Resources */ = {isa = PBXBuildFile; fileRef = 9F16212518F6CCA3002512AF /* HomeViewController.xib */; };
		9F16213918F6CD68002512AF /* background_pink.png in Resources */ = {isa = PBXBuildFile; fileRef = 9F16212918F6CD68002512AF /* background_pink.png */; };
		9F16213A18F6CD68002512AF /* background.png in Resources */ = {isa = PBXBuildFile; fileRef = 9F16212A18F6CD68002512AF /* background.png */; };
		9F16213B18F6CD68002512AF /* default.png in Resources */ = {isa = PBXBuildFile; fileRef = 9F16212B18F6CD68002512AF /* default.png */; };
		9F16213C18F6CD68002512AF /* emergency.png in Resources */ = {isa = PBXBuildFile; fileRef = 9F16212C18F6CD68002512AF /* emergency.png */; };
		9F16213D18F6CD68002512AF /* icon1.png in Resources */ = {isa = PBXBuildFile; fileRef = 9F16212D18F6CD68002512AF /* icon1.png */; };
		9F16213E18F6CD68002512AF /* icon2.png in Resources */ = {isa = PBXBuildFile; fileRef = 9F16212E18F6CD68002512AF /* icon2.png */; };
		9F16213F18F6CD68002512AF /* icon3.png in Resources */ = {isa = PBXBuildFile; fileRef = 9F16212F18F6CD68002512AF /* icon3.png */; };
		9F16214018F6CD68002512AF /* icon4.png in Resources */ = {isa = PBXBuildFile; fileRef = 9F16213018F6CD68002512AF /* icon4.png */; };
		9F16214118F6CD68002512AF /* icon5.png in Resources */ = {isa = PBXBuildFile; fileRef = 9F16213118F6CD68002512AF /* icon5.png */; };
		9F16214218F6CD68002512AF /* icon6.png in Resources */ = {isa = PBXBuildFile; fileRef = 9F16213218F6CD68002512AF /* icon6.png */; };
		9F16214318F6CD68002512AF /* icon7.png in Resources */ = {isa = PBXBuildFile; fileRef = 9F16213318F6CD68002512AF /* icon7.png */; };
		9F16214418F6CD68002512AF /* icon8.png in Resources */ = {isa = PBXBuildFile; fileRef = 9F16213418F6CD68002512AF /* icon8.png */; };
		9F16214518F6CD68002512AF /* icon9.png in Resources */ = {isa = PBXBuildFile; fileRef = 9F16213518F6CD68002512AF /* icon9.png */; };
		9F16214618F6CD68002512AF /* icon10.png in Resources */ = {isa = PBXBuildFile; fileRef = 9F16213618F6CD68002512AF /* icon10.png */; };
		9F16214718F6CD68002512AF /* icon11.png in Resources */ = {isa = PBXBuildFile; fileRef = 9F16213718F6CD68002512AF /* icon11.png */; };
		9F16214818F6CD68002512AF /* icon12.png in Resources */ = {isa = PBXBuildFile; fileRef = 9F16213818F6CD68002512AF /* icon12.png */; };
		9FBD68FC1900E48900C9CFD5 /* HealthCheckViewController.m in Sources */ = {isa = PBXBuildFile; fileRef = 9FBD68FA1900E48900C9CFD5 /* HealthCheckViewController.m */; };
		9FBD68FD1900E48900C9CFD5 /* HealthCheckViewController.xib in Resources */ = {isa = PBXBuildFile; fileRef = 9FBD68FB1900E48900C9CFD5 /* HealthCheckViewController.xib */; };
		9FBD69001900E54200C9CFD5 /* BMIicon.png in Resources */ = {isa = PBXBuildFile; fileRef = 9FBD68FF1900E54200C9CFD5 /* BMIicon.png */; };
		9FBD69041900E5E900C9CFD5 /* BMICalculatorViewController.m in Sources */ = {isa = PBXBuildFile; fileRef = 9FBD69021900E5E900C9CFD5 /* BMICalculatorViewController.m */; };
		9FBD69051900E5E900C9CFD5 /* BMICalculatorViewController.xib in Resources */ = {isa = PBXBuildFile; fileRef = 9FBD69031900E5E900C9CFD5 /* BMICalculatorViewController.xib */; };
		9FCEBBC718E48A2E00D868E0 /* Foundation.framework in Frameworks */ = {isa = PBXBuildFile; fileRef = 9FCEBBC618E48A2E00D868E0 /* Foundation.framework */; };
		9FCEBBC918E48A2E00D868E0 /* CoreGraphics.framework in Frameworks */ = {isa = PBXBuildFile; fileRef = 9FCEBBC818E48A2E00D868E0 /* CoreGraphics.framework */; };
		9FCEBBCB18E48A2E00D868E0 /* UIKit.framework in Frameworks */ = {isa = PBXBuildFile; fileRef = 9FCEBBCA18E48A2E00D868E0 /* UIKit.framework */; };
		9FCEBBD118E48A2E00D868E0 /* InfoPlist.strings in Resources */ = {isa = PBXBuildFile; fileRef = 9FCEBBCF18E48A2E00D868E0 /* InfoPlist.strings */; };
		9FCEBBD318E48A2E00D868E0 /* main.m in Sources */ = {isa = PBXBuildFile; fileRef = 9FCEBBD218E48A2E00D868E0 /* main.m */; };
		9FCEBBD718E48A2E00D868E0 /* AppDelegate.m in Sources */ = {isa = PBXBuildFile; fileRef = 9FCEBBD618E48A2E00D868E0 /* AppDelegate.m */; };
		9FCEBBDA18E48A2E00D868E0 /* Main.storyboard in Resources */ = {isa = PBXBuildFile; fileRef = 9FCEBBD818E48A2E00D868E0 /* Main.storyboard */; };
		9FCEBBDD18E48A2E00D868E0 /* ViewController.m in Sources */ = {isa = PBXBuildFile; fileRef = 9FCEBBDC18E48A2E00D868E0 /* ViewController.m */; };
		9FCEBBDF18E48A2E00D868E0 /* Images.xcassets in Resources */ = {isa = PBXBuildFile; fileRef = 9FCEBBDE18E48A2E00D868E0 /* Images.xcassets */; };
		9FCEBBE618E48A2E00D868E0 /* XCTest.framework in Frameworks */ = {isa = PBXBuildFile; fileRef = 9FCEBBE518E48A2E00D868E0 /* XCTest.framework */; };
		9FCEBBE718E48A2E00D868E0 /* Foundation.framework in Frameworks */ = {isa = PBXBuildFile; fileRef = 9FCEBBC618E48A2E00D868E0 /* Foundation.framework */; };
		9FCEBBE818E48A2E00D868E0 /* UIKit.framework in Frameworks */ = {isa = PBXBuildFile; fileRef = 9FCEBBCA18E48A2E00D868E0 /* UIKit.framework */; };
		9FCEBBF018E48A2E00D868E0 /* InfoPlist.strings in Resources */ = {isa = PBXBuildFile; fileRef = 9FCEBBEE18E48A2E00D868E0 /* InfoPlist.strings */; };
		9FCEBBF218E48A2E00D868E0 /* Piyavate_CareTests.m in Sources */ = {isa = PBXBuildFile; fileRef = 9FCEBBF118E48A2E00D868E0 /* Piyavate_CareTests.m */; };
		9FCEBBFC18E48CDA00D868E0 /* bg.png in Resources */ = {isa = PBXBuildFile; fileRef = 9FCEBBFB18E48CDA00D868E0 /* bg.png */; };
		9FCEBBFE18E499FF00D868E0 /* bg@2x.png in Resources */ = {isa = PBXBuildFile; fileRef = 9FCEBBFD18E499FF00D868E0 /* bg@2x.png */; };
		9FE0469318E9212A00AB2A40 /* SVProgressHUD.m in Sources */ = {isa = PBXBuildFile; fileRef = 9FE0469118E9212A00AB2A40 /* SVProgressHUD.m */; };
		9FE0469418E9212A00AB2A40 /* SVProgressHUD.bundle in Resources */ = {isa = PBXBuildFile; fileRef = 9FE0469218E9212A00AB2A40 /* SVProgressHUD.bundle */; };
		9FE0469718E921D300AB2A40 /* QuartzCore.framework in Frameworks */ = {isa = PBXBuildFile; fileRef = 9FE0469618E921D300AB2A40 /* QuartzCore.framework */; };
		9FE0469D18E9F9B700AB2A40 /* SignupViewController.m in Sources */ = {isa = PBXBuildFile; fileRef = 9FE0469B18E9F9B700AB2A40 /* SignupViewController.m */; };
		9FFD607A18F795DB00F5C671 /* AskDoctorViewController.m in Sources */ = {isa = PBXBuildFile; fileRef = 9FFD607818F795DB00F5C671 /* AskDoctorViewController.m */; };
		9FFD607B18F795DB00F5C671 /* AskDoctorViewController.xib in Resources */ = {isa = PBXBuildFile; fileRef = 9FFD607918F795DB00F5C671 /* AskDoctorViewController.xib */; };
		9FFD607F18F79A6600F5C671 /* WebViewController.m in Sources */ = {isa = PBXBuildFile; fileRef = 9FFD607D18F79A6600F5C671 /* WebViewController.m */; };
		9FFD608018F79A6600F5C671 /* WebViewController.xib in Resources */ = {isa = PBXBuildFile; fileRef = 9FFD607E18F79A6600F5C671 /* WebViewController.xib */; };
		9FFD608218F7A0BA00F5C671 /* CoreLocation.framework in Frameworks */ = {isa = PBXBuildFile; fileRef = 9FFD608118F7A0BA00F5C671 /* CoreLocation.framework */; };
		9FFD608418F7A58200F5C671 /* AudioToolbox.framework in Frameworks */ = {isa = PBXBuildFile; fileRef = 9FFD608318F7A58200F5C671 /* AudioToolbox.framework */; };
/* End PBXBuildFile section */

/* Begin PBXContainerItemProxy section */
		9FCEBBE918E48A2E00D868E0 /* PBXContainerItemProxy */ = {
			isa = PBXContainerItemProxy;
			containerPortal = 9FCEBBBB18E48A2E00D868E0 /* Project object */;
			proxyType = 1;
			remoteGlobalIDString = 9FCEBBC218E48A2E00D868E0;
			remoteInfo = "Piyavate Care";
		};
/* End PBXContainerItemProxy section */

/* Begin PBXFileReference section */
		22CA74E01902502900D9DC0D /* ForgotPasswordViewController.h */ = {isa = PBXFileReference; fileEncoding = 4; lastKnownFileType = sourcecode.c.h; path = ForgotPasswordViewController.h; sourceTree = "<group>"; };
		22CA74E11902502900D9DC0D /* ForgotPasswordViewController.m */ = {isa = PBXFileReference; fileEncoding = 4; lastKnownFileType = sourcecode.c.objc; path = ForgotPasswordViewController.m; sourceTree = "<group>"; };
		9F16212318F6CCA3002512AF /* HomeViewController.h */ = {isa = PBXFileReference; fileEncoding = 4; lastKnownFileType = sourcecode.c.h; path = HomeViewController.h; sourceTree = "<group>"; };
		9F16212418F6CCA3002512AF /* HomeViewController.m */ = {isa = PBXFileReference; fileEncoding = 4; lastKnownFileType = sourcecode.c.objc; path = HomeViewController.m; sourceTree = "<group>"; };
		9F16212518F6CCA3002512AF /* HomeViewController.xib */ = {isa = PBXFileReference; fileEncoding = 4; lastKnownFileType = file.xib; path = HomeViewController.xib; sourceTree = "<group>"; };
		9F16212918F6CD68002512AF /* background_pink.png */ = {isa = PBXFileReference; lastKnownFileType = image.png; path = background_pink.png; sourceTree = "<group>"; };
		9F16212A18F6CD68002512AF /* background.png */ = {isa = PBXFileReference; lastKnownFileType = image.png; path = background.png; sourceTree = "<group>"; };
		9F16212B18F6CD68002512AF /* default.png */ = {isa = PBXFileReference; lastKnownFileType = image.png; path = default.png; sourceTree = "<group>"; };
		9F16212C18F6CD68002512AF /* emergency.png */ = {isa = PBXFileReference; lastKnownFileType = image.png; path = emergency.png; sourceTree = "<group>"; };
		9F16212D18F6CD68002512AF /* icon1.png */ = {isa = PBXFileReference; lastKnownFileType = image.png; path = icon1.png; sourceTree = "<group>"; };
		9F16212E18F6CD68002512AF /* icon2.png */ = {isa = PBXFileReference; lastKnownFileType = image.png; path = icon2.png; sourceTree = "<group>"; };
		9F16212F18F6CD68002512AF /* icon3.png */ = {isa = PBXFileReference; lastKnownFileType = image.png; path = icon3.png; sourceTree = "<group>"; };
		9F16213018F6CD68002512AF /* icon4.png */ = {isa = PBXFileReference; lastKnownFileType = image.png; path = icon4.png; sourceTree = "<group>"; };
		9F16213118F6CD68002512AF /* icon5.png */ = {isa = PBXFileReference; lastKnownFileType = image.png; path = icon5.png; sourceTree = "<group>"; };
		9F16213218F6CD68002512AF /* icon6.png */ = {isa = PBXFileReference; lastKnownFileType = image.png; path = icon6.png; sourceTree = "<group>"; };
		9F16213318F6CD68002512AF /* icon7.png */ = {isa = PBXFileReference; lastKnownFileType = image.png; path = icon7.png; sourceTree = "<group>"; };
		9F16213418F6CD68002512AF /* icon8.png */ = {isa = PBXFileReference; lastKnownFileType = image.png; path = icon8.png; sourceTree = "<group>"; };
		9F16213518F6CD68002512AF /* icon9.png */ = {isa = PBXFileReference; lastKnownFileType = image.png; path = icon9.png; sourceTree = "<group>"; };
		9F16213618F6CD68002512AF /* icon10.png */ = {isa = PBXFileReference; lastKnownFileType = image.png; path = icon10.png; sourceTree = "<group>"; };
		9F16213718F6CD68002512AF /* icon11.png */ = {isa = PBXFileReference; lastKnownFileType = image.png; path = icon11.png; sourceTree = "<group>"; };
		9F16213818F6CD68002512AF /* icon12.png */ = {isa = PBXFileReference; lastKnownFileType = image.png; path = icon12.png; sourceTree = "<group>"; };
		9FBD68F91900E48900C9CFD5 /* HealthCheckViewController.h */ = {isa = PBXFileReference; fileEncoding = 4; lastKnownFileType = sourcecode.c.h; path = HealthCheckViewController.h; sourceTree = "<group>"; };
		9FBD68FA1900E48900C9CFD5 /* HealthCheckViewController.m */ = {isa = PBXFileReference; fileEncoding = 4; lastKnownFileType = sourcecode.c.objc; path = HealthCheckViewController.m; sourceTree = "<group>"; };
		9FBD68FB1900E48900C9CFD5 /* HealthCheckViewController.xib */ = {isa = PBXFileReference; fileEncoding = 4; lastKnownFileType = file.xib; path = HealthCheckViewController.xib; sourceTree = "<group>"; };
		9FBD68FF1900E54200C9CFD5 /* BMIicon.png */ = {isa = PBXFileReference; lastKnownFileType = image.png; path = BMIicon.png; sourceTree = "<group>"; };
		9FBD69011900E5E900C9CFD5 /* BMICalculatorViewController.h */ = {isa = PBXFileReference; fileEncoding = 4; lastKnownFileType = sourcecode.c.h; path = BMICalculatorViewController.h; sourceTree = "<group>"; };
		9FBD69021900E5E900C9CFD5 /* BMICalculatorViewController.m */ = {isa = PBXFileReference; fileEncoding = 4; lastKnownFileType = sourcecode.c.objc; path = BMICalculatorViewController.m; sourceTree = "<group>"; };
		9FBD69031900E5E900C9CFD5 /* BMICalculatorViewController.xib */ = {isa = PBXFileReference; fileEncoding = 4; lastKnownFileType = file.xib; path = BMICalculatorViewController.xib; sourceTree = "<group>"; };
		9FCEBBC318E48A2E00D868E0 /* Piyavate Care.app */ = {isa = PBXFileReference; explicitFileType = wrapper.application; includeInIndex = 0; path = "Piyavate Care.app"; sourceTree = BUILT_PRODUCTS_DIR; };
		9FCEBBC618E48A2E00D868E0 /* Foundation.framework */ = {isa = PBXFileReference; lastKnownFileType = wrapper.framework; name = Foundation.framework; path = System/Library/Frameworks/Foundation.framework; sourceTree = SDKROOT; };
		9FCEBBC818E48A2E00D868E0 /* CoreGraphics.framework */ = {isa = PBXFileReference; lastKnownFileType = wrapper.framework; name = CoreGraphics.framework; path = System/Library/Frameworks/CoreGraphics.framework; sourceTree = SDKROOT; };
		9FCEBBCA18E48A2E00D868E0 /* UIKit.framework */ = {isa = PBXFileReference; lastKnownFileType = wrapper.framework; name = UIKit.framework; path = System/Library/Frameworks/UIKit.framework; sourceTree = SDKROOT; };
		9FCEBBCE18E48A2E00D868E0 /* Piyavate Care-Info.plist */ = {isa = PBXFileReference; lastKnownFileType = text.plist.xml; path = "Piyavate Care-Info.plist"; sourceTree = "<group>"; };
		9FCEBBD018E48A2E00D868E0 /* en */ = {isa = PBXFileReference; lastKnownFileType = text.plist.strings; name = en; path = en.lproj/InfoPlist.strings; sourceTree = "<group>"; };
		9FCEBBD218E48A2E00D868E0 /* main.m */ = {isa = PBXFileReference; lastKnownFileType = sourcecode.c.objc; path = main.m; sourceTree = "<group>"; };
		9FCEBBD418E48A2E00D868E0 /* Piyavate Care-Prefix.pch */ = {isa = PBXFileReference; lastKnownFileType = sourcecode.c.h; path = "Piyavate Care-Prefix.pch"; sourceTree = "<group>"; };
		9FCEBBD518E48A2E00D868E0 /* AppDelegate.h */ = {isa = PBXFileReference; lastKnownFileType = sourcecode.c.h; path = AppDelegate.h; sourceTree = "<group>"; };
		9FCEBBD618E48A2E00D868E0 /* AppDelegate.m */ = {isa = PBXFileReference; lastKnownFileType = sourcecode.c.objc; path = AppDelegate.m; sourceTree = "<group>"; };
		9FCEBBD918E48A2E00D868E0 /* Base */ = {isa = PBXFileReference; lastKnownFileType = file.storyboard; name = Base; path = Base.lproj/Main.storyboard; sourceTree = "<group>"; };
		9FCEBBDB18E48A2E00D868E0 /* ViewController.h */ = {isa = PBXFileReference; lastKnownFileType = sourcecode.c.h; path = ViewController.h; sourceTree = "<group>"; };
		9FCEBBDC18E48A2E00D868E0 /* ViewController.m */ = {isa = PBXFileReference; lastKnownFileType = sourcecode.c.objc; path = ViewController.m; sourceTree = "<group>"; };
		9FCEBBDE18E48A2E00D868E0 /* Images.xcassets */ = {isa = PBXFileReference; lastKnownFileType = folder.assetcatalog; path = Images.xcassets; sourceTree = "<group>"; };
		9FCEBBE418E48A2E00D868E0 /* Piyavate CareTests.xctest */ = {isa = PBXFileReference; explicitFileType = wrapper.cfbundle; includeInIndex = 0; path = "Piyavate CareTests.xctest"; sourceTree = BUILT_PRODUCTS_DIR; };
		9FCEBBE518E48A2E00D868E0 /* XCTest.framework */ = {isa = PBXFileReference; lastKnownFileType = wrapper.framework; name = XCTest.framework; path = Library/Frameworks/XCTest.framework; sourceTree = DEVELOPER_DIR; };
		9FCEBBED18E48A2E00D868E0 /* Piyavate CareTests-Info.plist */ = {isa = PBXFileReference; lastKnownFileType = text.plist.xml; path = "Piyavate CareTests-Info.plist"; sourceTree = "<group>"; };
		9FCEBBEF18E48A2E00D868E0 /* en */ = {isa = PBXFileReference; lastKnownFileType = text.plist.strings; name = en; path = en.lproj/InfoPlist.strings; sourceTree = "<group>"; };
		9FCEBBF118E48A2E00D868E0 /* Piyavate_CareTests.m */ = {isa = PBXFileReference; lastKnownFileType = sourcecode.c.objc; path = Piyavate_CareTests.m; sourceTree = "<group>"; };
		9FCEBBFB18E48CDA00D868E0 /* bg.png */ = {isa = PBXFileReference; lastKnownFileType = image.png; path = bg.png; sourceTree = "<group>"; };
		9FCEBBFD18E499FF00D868E0 /* bg@2x.png */ = {isa = PBXFileReference; lastKnownFileType = image.png; path = "bg@2x.png"; sourceTree = "<group>"; };
		9FE0469018E9212A00AB2A40 /* SVProgressHUD.h */ = {isa = PBXFileReference; fileEncoding = 4; lastKnownFileType = sourcecode.c.h; path = SVProgressHUD.h; sourceTree = "<group>"; };
		9FE0469118E9212A00AB2A40 /* SVProgressHUD.m */ = {isa = PBXFileReference; fileEncoding = 4; lastKnownFileType = sourcecode.c.objc; path = SVProgressHUD.m; sourceTree = "<group>"; };
		9FE0469218E9212A00AB2A40 /* SVProgressHUD.bundle */ = {isa = PBXFileReference; lastKnownFileType = "wrapper.plug-in"; path = SVProgressHUD.bundle; sourceTree = "<group>"; };
		9FE0469618E921D300AB2A40 /* QuartzCore.framework */ = {isa = PBXFileReference; lastKnownFileType = wrapper.framework; name = QuartzCore.framework; path = System/Library/Frameworks/QuartzCore.framework; sourceTree = SDKROOT; };
		9FE0469A18E9F9B700AB2A40 /* SignupViewController.h */ = {isa = PBXFileReference; fileEncoding = 4; lastKnownFileType = sourcecode.c.h; path = SignupViewController.h; sourceTree = "<group>"; };
		9FE0469B18E9F9B700AB2A40 /* SignupViewController.m */ = {isa = PBXFileReference; fileEncoding = 4; lastKnownFileType = sourcecode.c.objc; path = SignupViewController.m; sourceTree = "<group>"; };
		9FFD607718F795DB00F5C671 /* AskDoctorViewController.h */ = {isa = PBXFileReference; fileEncoding = 4; lastKnownFileType = sourcecode.c.h; path = AskDoctorViewController.h; sourceTree = "<group>"; };
		9FFD607818F795DB00F5C671 /* AskDoctorViewController.m */ = {isa = PBXFileReference; fileEncoding = 4; lastKnownFileType = sourcecode.c.objc; path = AskDoctorViewController.m; sourceTree = "<group>"; };
		9FFD607918F795DB00F5C671 /* AskDoctorViewController.xib */ = {isa = PBXFileReference; fileEncoding = 4; lastKnownFileType = file.xib; path = AskDoctorViewController.xib; sourceTree = "<group>"; };
		9FFD607C18F79A6600F5C671 /* WebViewController.h */ = {isa = PBXFileReference; fileEncoding = 4; lastKnownFileType = sourcecode.c.h; path = WebViewController.h; sourceTree = "<group>"; };
		9FFD607D18F79A6600F5C671 /* WebViewController.m */ = {isa = PBXFileReference; fileEncoding = 4; lastKnownFileType = sourcecode.c.objc; path = WebViewController.m; sourceTree = "<group>"; };
		9FFD607E18F79A6600F5C671 /* WebViewController.xib */ = {isa = PBXFileReference; fileEncoding = 4; lastKnownFileType = file.xib; path = WebViewController.xib; sourceTree = "<group>"; };
		9FFD608118F7A0BA00F5C671 /* CoreLocation.framework */ = {isa = PBXFileReference; lastKnownFileType = wrapper.framework; name = CoreLocation.framework; path = System/Library/Frameworks/CoreLocation.framework; sourceTree = SDKROOT; };
		9FFD608318F7A58200F5C671 /* AudioToolbox.framework */ = {isa = PBXFileReference; lastKnownFileType = wrapper.framework; name = AudioToolbox.framework; path = System/Library/Frameworks/AudioToolbox.framework; sourceTree = SDKROOT; };
/* End PBXFileReference section */

/* Begin PBXFrameworksBuildPhase section */
		9FCEBBC018E48A2E00D868E0 /* Frameworks */ = {
			isa = PBXFrameworksBuildPhase;
			buildActionMask = 2147483647;
			files = (
				9FFD608418F7A58200F5C671 /* AudioToolbox.framework in Frameworks */,
				9FFD608218F7A0BA00F5C671 /* CoreLocation.framework in Frameworks */,
				9FE0469718E921D300AB2A40 /* QuartzCore.framework in Frameworks */,
				9FCEBBC918E48A2E00D868E0 /* CoreGraphics.framework in Frameworks */,
				9FCEBBCB18E48A2E00D868E0 /* UIKit.framework in Frameworks */,
				9FCEBBC718E48A2E00D868E0 /* Foundation.framework in Frameworks */,
			);
			runOnlyForDeploymentPostprocessing = 0;
		};
		9FCEBBE118E48A2E00D868E0 /* Frameworks */ = {
			isa = PBXFrameworksBuildPhase;
			buildActionMask = 2147483647;
			files = (
				9FCEBBE618E48A2E00D868E0 /* XCTest.framework in Frameworks */,
				9FCEBBE818E48A2E00D868E0 /* UIKit.framework in Frameworks */,
				9FCEBBE718E48A2E00D868E0 /* Foundation.framework in Frameworks */,
			);
			runOnlyForDeploymentPostprocessing = 0;
		};
/* End PBXFrameworksBuildPhase section */

/* Begin PBXGroup section */
		22CA74DF19024FFE00D9DC0D /* ForgotPassword */ = {
			isa = PBXGroup;
			children = (
				22CA74E01902502900D9DC0D /* ForgotPasswordViewController.h */,
				22CA74E11902502900D9DC0D /* ForgotPasswordViewController.m */,
			);
			name = ForgotPassword;
			sourceTree = "<group>";
		};
		9F16212818F6CCA6002512AF /* Home */ = {
			isa = PBXGroup;
			children = (
				9F16212318F6CCA3002512AF /* HomeViewController.h */,
				9F16212418F6CCA3002512AF /* HomeViewController.m */,
				9F16212518F6CCA3002512AF /* HomeViewController.xib */,
				9FBD68FE1900E48D00C9CFD5 /* HealthCheck */,
				9FBD68F71900E43B00C9CFD5 /* AskDoc */,
				9FBD68F81900E44500C9CFD5 /* WebView */,
			);
			name = Home;
			sourceTree = "<group>";
		};
		9FBD68F71900E43B00C9CFD5 /* AskDoc */ = {
			isa = PBXGroup;
			children = (
				9FFD607718F795DB00F5C671 /* AskDoctorViewController.h */,
				9FFD607818F795DB00F5C671 /* AskDoctorViewController.m */,
				9FFD607918F795DB00F5C671 /* AskDoctorViewController.xib */,
			);
			name = AskDoc;
			sourceTree = "<group>";
		};
		9FBD68F81900E44500C9CFD5 /* WebView */ = {
			isa = PBXGroup;
			children = (
				9FFD607C18F79A6600F5C671 /* WebViewController.h */,
				9FFD607D18F79A6600F5C671 /* WebViewController.m */,
				9FFD607E18F79A6600F5C671 /* WebViewController.xib */,
			);
			name = WebView;
			sourceTree = "<group>";
		};
		9FBD68FE1900E48D00C9CFD5 /* HealthCheck */ = {
			isa = PBXGroup;
			children = (
				9FBD68FF1900E54200C9CFD5 /* BMIicon.png */,
				9FBD68F91900E48900C9CFD5 /* HealthCheckViewController.h */,
				9FBD68FA1900E48900C9CFD5 /* HealthCheckViewController.m */,
				9FBD68FB1900E48900C9CFD5 /* HealthCheckViewController.xib */,
				9FBD69011900E5E900C9CFD5 /* BMICalculatorViewController.h */,
				9FBD69021900E5E900C9CFD5 /* BMICalculatorViewController.m */,
				9FBD69031900E5E900C9CFD5 /* BMICalculatorViewController.xib */,
			);
			name = HealthCheck;
			sourceTree = "<group>";
		};
		9FCEBBBA18E48A2E00D868E0 = {
			isa = PBXGroup;
			children = (
				9FCEBBCC18E48A2E00D868E0 /* Piyavate Care */,
				9FCEBBEB18E48A2E00D868E0 /* Piyavate CareTests */,
				9FCEBBC518E48A2E00D868E0 /* Frameworks */,
				9FCEBBC418E48A2E00D868E0 /* Products */,
			);
			sourceTree = "<group>";
		};
		9FCEBBC418E48A2E00D868E0 /* Products */ = {
			isa = PBXGroup;
			children = (
				9FCEBBC318E48A2E00D868E0 /* Piyavate Care.app */,
				9FCEBBE418E48A2E00D868E0 /* Piyavate CareTests.xctest */,
			);
			name = Products;
			sourceTree = "<group>";
		};
		9FCEBBC518E48A2E00D868E0 /* Frameworks */ = {
			isa = PBXGroup;
			children = (
				9FFD608318F7A58200F5C671 /* AudioToolbox.framework */,
				9FFD608118F7A0BA00F5C671 /* CoreLocation.framework */,
				9FE0469618E921D300AB2A40 /* QuartzCore.framework */,
				9FCEBBC618E48A2E00D868E0 /* Foundation.framework */,
				9FCEBBC818E48A2E00D868E0 /* CoreGraphics.framework */,
				9FCEBBCA18E48A2E00D868E0 /* UIKit.framework */,
				9FCEBBE518E48A2E00D868E0 /* XCTest.framework */,
			);
			name = Frameworks;
			sourceTree = "<group>";
		};
		9FCEBBCC18E48A2E00D868E0 /* Piyavate Care */ = {
			isa = PBXGroup;
			children = (
				9FE0469518E9212D00AB2A40 /* SVProgressHUD */,
				9FCEBBD518E48A2E00D868E0 /* AppDelegate.h */,
				9FCEBBD618E48A2E00D868E0 /* AppDelegate.m */,
				9FCEBBD818E48A2E00D868E0 /* Main.storyboard */,
				9FE0469918E9223C00AB2A40 /* SignIn */,
				22CA74DF19024FFE00D9DC0D /* ForgotPassword */,
				9FE0469F18E9F9CB00AB2A40 /* SignUp */,
				9F16212818F6CCA6002512AF /* Home */,
				9FE0469818E9223000AB2A40 /* Resources */,
				9FCEBBDE18E48A2E00D868E0 /* Images.xcassets */,
				9FCEBBCD18E48A2E00D868E0 /* Supporting Files */,
			);
			path = "Piyavate Care";
			sourceTree = "<group>";
		};
		9FCEBBCD18E48A2E00D868E0 /* Supporting Files */ = {
			isa = PBXGroup;
			children = (
				9FCEBBCE18E48A2E00D868E0 /* Piyavate Care-Info.plist */,
				9FCEBBCF18E48A2E00D868E0 /* InfoPlist.strings */,
				9FCEBBD218E48A2E00D868E0 /* main.m */,
				9FCEBBD418E48A2E00D868E0 /* Piyavate Care-Prefix.pch */,
			);
			name = "Supporting Files";
			sourceTree = "<group>";
		};
		9FCEBBEB18E48A2E00D868E0 /* Piyavate CareTests */ = {
			isa = PBXGroup;
			children = (
				9FCEBBF118E48A2E00D868E0 /* Piyavate_CareTests.m */,
				9FCEBBEC18E48A2E00D868E0 /* Supporting Files */,
			);
			path = "Piyavate CareTests";
			sourceTree = "<group>";
		};
		9FCEBBEC18E48A2E00D868E0 /* Supporting Files */ = {
			isa = PBXGroup;
			children = (
				9FCEBBED18E48A2E00D868E0 /* Piyavate CareTests-Info.plist */,
				9FCEBBEE18E48A2E00D868E0 /* InfoPlist.strings */,
			);
			name = "Supporting Files";
			sourceTree = "<group>";
		};
		9FE0469518E9212D00AB2A40 /* SVProgressHUD */ = {
			isa = PBXGroup;
			children = (
				9FE0469018E9212A00AB2A40 /* SVProgressHUD.h */,
				9FE0469118E9212A00AB2A40 /* SVProgressHUD.m */,
				9FE0469218E9212A00AB2A40 /* SVProgressHUD.bundle */,
			);
			name = SVProgressHUD;
			sourceTree = "<group>";
		};
		9FE0469818E9223000AB2A40 /* Resources */ = {
			isa = PBXGroup;
			children = (
				9F16212918F6CD68002512AF /* background_pink.png */,
				9F16212A18F6CD68002512AF /* background.png */,
				9F16212B18F6CD68002512AF /* default.png */,
				9F16212C18F6CD68002512AF /* emergency.png */,
				9F16212D18F6CD68002512AF /* icon1.png */,
				9F16212E18F6CD68002512AF /* icon2.png */,
				9F16212F18F6CD68002512AF /* icon3.png */,
				9F16213018F6CD68002512AF /* icon4.png */,
				9F16213118F6CD68002512AF /* icon5.png */,
				9F16213218F6CD68002512AF /* icon6.png */,
				9F16213318F6CD68002512AF /* icon7.png */,
				9F16213418F6CD68002512AF /* icon8.png */,
				9F16213518F6CD68002512AF /* icon9.png */,
				9F16213618F6CD68002512AF /* icon10.png */,
				9F16213718F6CD68002512AF /* icon11.png */,
				9F16213818F6CD68002512AF /* icon12.png */,
				9FCEBBFB18E48CDA00D868E0 /* bg.png */,
				9FCEBBFD18E499FF00D868E0 /* bg@2x.png */,
			);
			name = Resources;
			sourceTree = "<group>";
		};
		9FE0469918E9223C00AB2A40 /* SignIn */ = {
			isa = PBXGroup;
			children = (
				9FCEBBDB18E48A2E00D868E0 /* ViewController.h */,
				9FCEBBDC18E48A2E00D868E0 /* ViewController.m */,
			);
			name = SignIn;
			sourceTree = "<group>";
		};
		9FE0469F18E9F9CB00AB2A40 /* SignUp */ = {
			isa = PBXGroup;
			children = (
				9FE0469A18E9F9B700AB2A40 /* SignupViewController.h */,
				9FE0469B18E9F9B700AB2A40 /* SignupViewController.m */,
			);
			name = SignUp;
			sourceTree = "<group>";
		};
/* End PBXGroup section */

/* Begin PBXNativeTarget section */
		9FCEBBC218E48A2E00D868E0 /* Piyavate Care */ = {
			isa = PBXNativeTarget;
			buildConfigurationList = 9FCEBBF518E48A2E00D868E0 /* Build configuration list for PBXNativeTarget "Piyavate Care" */;
			buildPhases = (
				9FCEBBBF18E48A2E00D868E0 /* Sources */,
				9FCEBBC018E48A2E00D868E0 /* Frameworks */,
				9FCEBBC118E48A2E00D868E0 /* Resources */,
			);
			buildRules = (
			);
			dependencies = (
			);
			name = "Piyavate Care";
			productName = "Piyavate Care";
			productReference = 9FCEBBC318E48A2E00D868E0 /* Piyavate Care.app */;
			productType = "com.apple.product-type.application";
		};
		9FCEBBE318E48A2E00D868E0 /* Piyavate CareTests */ = {
			isa = PBXNativeTarget;
			buildConfigurationList = 9FCEBBF818E48A2E00D868E0 /* Build configuration list for PBXNativeTarget "Piyavate CareTests" */;
			buildPhases = (
				9FCEBBE018E48A2E00D868E0 /* Sources */,
				9FCEBBE118E48A2E00D868E0 /* Frameworks */,
				9FCEBBE218E48A2E00D868E0 /* Resources */,
			);
			buildRules = (
			);
			dependencies = (
				9FCEBBEA18E48A2E00D868E0 /* PBXTargetDependency */,
			);
			name = "Piyavate CareTests";
			productName = "Piyavate CareTests";
			productReference = 9FCEBBE418E48A2E00D868E0 /* Piyavate CareTests.xctest */;
			productType = "com.apple.product-type.bundle.unit-test";
		};
/* End PBXNativeTarget section */

/* Begin PBXProject section */
		9FCEBBBB18E48A2E00D868E0 /* Project object */ = {
			isa = PBXProject;
			attributes = {
				LastUpgradeCheck = 0510;
				ORGANIZATIONNAME = QOOFHOUSE;
				TargetAttributes = {
					9FCEBBE318E48A2E00D868E0 = {
						TestTargetID = 9FCEBBC218E48A2E00D868E0;
					};
				};
			};
			buildConfigurationList = 9FCEBBBE18E48A2E00D868E0 /* Build configuration list for PBXProject "Piyavate Care" */;
			compatibilityVersion = "Xcode 3.2";
			developmentRegion = English;
			hasScannedForEncodings = 0;
			knownRegions = (
				en,
				Base,
			);
			mainGroup = 9FCEBBBA18E48A2E00D868E0;
			productRefGroup = 9FCEBBC418E48A2E00D868E0 /* Products */;
			projectDirPath = "";
			projectRoot = "";
			targets = (
				9FCEBBC218E48A2E00D868E0 /* Piyavate Care */,
				9FCEBBE318E48A2E00D868E0 /* Piyavate CareTests */,
			);
		};
/* End PBXProject section */

/* Begin PBXResourcesBuildPhase section */
		9FCEBBC118E48A2E00D868E0 /* Resources */ = {
			isa = PBXResourcesBuildPhase;
			buildActionMask = 2147483647;
			files = (
				9FCEBBDF18E48A2E00D868E0 /* Images.xcassets in Resources */,
				9F16213A18F6CD68002512AF /* background.png in Resources */,
				9F16213918F6CD68002512AF /* background_pink.png in Resources */,
				9FFD608018F79A6600F5C671 /* WebViewController.xib in Resources */,
				9FE0469418E9212A00AB2A40 /* SVProgressHUD.bundle in Resources */,
				9F16213B18F6CD68002512AF /* default.png in Resources */,
				9F16214518F6CD68002512AF /* icon9.png in Resources */,
				9FBD69001900E54200C9CFD5 /* BMIicon.png in Resources */,
				9F16213E18F6CD68002512AF /* icon2.png in Resources */,
				9FCEBBD118E48A2E00D868E0 /* InfoPlist.strings in Resources */,
				9FCEBBFC18E48CDA00D868E0 /* bg.png in Resources */,
				9F16213C18F6CD68002512AF /* emergency.png in Resources */,
				9F16214418F6CD68002512AF /* icon8.png in Resources */,
				9F16214118F6CD68002512AF /* icon5.png in Resources */,
				9F16214018F6CD68002512AF /* icon4.png in Resources */,
				9FCEBBDA18E48A2E00D868E0 /* Main.storyboard in Resources */,
				9F16214718F6CD68002512AF /* icon11.png in Resources */,
				9F16214318F6CD68002512AF /* icon7.png in Resources */,
				9FFD607B18F795DB00F5C671 /* AskDoctorViewController.xib in Resources */,
				9F16214818F6CD68002512AF /* icon12.png in Resources */,
				9FBD69051900E5E900C9CFD5 /* BMICalculatorViewController.xib in Resources */,
				9FCEBBFE18E499FF00D868E0 /* bg@2x.png in Resources */,
				9F16212718F6CCA3002512AF /* HomeViewController.xib in Resources */,
				9F16213D18F6CD68002512AF /* icon1.png in Resources */,
				9F16214618F6CD68002512AF /* icon10.png in Resources */,
				9F16213F18F6CD68002512AF /* icon3.png in Resources */,
				9F16214218F6CD68002512AF /* icon6.png in Resources */,
			);
			runOnlyForDeploymentPostprocessing = 0;
		};
		9FCEBBE218E48A2E00D868E0 /* Resources */ = {
			isa = PBXResourcesBuildPhase;
			buildActionMask = 2147483647;
			files = (
				9FCEBBF018E48A2E00D868E0 /* InfoPlist.strings in Resources */,
			);
			runOnlyForDeploymentPostprocessing = 0;
		};
/* End PBXResourcesBuildPhase section */

/* Begin PBXSourcesBuildPhase section */
		9FCEBBBF18E48A2E00D868E0 /* Sources */ = {
			isa = PBXSourcesBuildPhase;
			buildActionMask = 2147483647;
			files = (
				9FCEBBDD18E48A2E00D868E0 /* ViewController.m in Sources */,
				9FFD607A18F795DB00F5C671 /* AskDoctorViewController.m in Sources */,
				9FBD68FC1900E48900C9CFD5 /* HealthCheckViewController.m in Sources */,
				9FE0469318E9212A00AB2A40 /* SVProgressHUD.m in Sources */,
				9FFD607F18F79A6600F5C671 /* WebViewController.m in Sources */,
				9FBD69041900E5E900C9CFD5 /* BMICalculatorViewController.m in Sources */,
				9FCEBBD718E48A2E00D868E0 /* AppDelegate.m in Sources */,
				9FCEBBD318E48A2E00D868E0 /* main.m in Sources */,
				22CA74E21902502900D9DC0D /* ForgotPasswordViewController.m in Sources */,
				9FE0469D18E9F9B700AB2A40 /* SignupViewController.m in Sources */,
				9F16212618F6CCA3002512AF /* HomeViewController.m in Sources */,
			);
			runOnlyForDeploymentPostprocessing = 0;
		};
		9FCEBBE018E48A2E00D868E0 /* Sources */ = {
			isa = PBXSourcesBuildPhase;
			buildActionMask = 2147483647;
			files = (
				9FCEBBF218E48A2E00D868E0 /* Piyavate_CareTests.m in Sources */,
			);
			runOnlyForDeploymentPostprocessing = 0;
		};
/* End PBXSourcesBuildPhase section */

/* Begin PBXTargetDependency section */
		9FCEBBEA18E48A2E00D868E0 /* PBXTargetDependency */ = {
			isa = PBXTargetDependency;
			target = 9FCEBBC218E48A2E00D868E0 /* Piyavate Care */;
			targetProxy = 9FCEBBE918E48A2E00D868E0 /* PBXContainerItemProxy */;
		};
/* End PBXTargetDependency section */

/* Begin PBXVariantGroup section */
		9FCEBBCF18E48A2E00D868E0 /* InfoPlist.strings */ = {
			isa = PBXVariantGroup;
			children = (
				9FCEBBD018E48A2E00D868E0 /* en */,
			);
			name = InfoPlist.strings;
			sourceTree = "<group>";
		};
		9FCEBBD818E48A2E00D868E0 /* Main.storyboard */ = {
			isa = PBXVariantGroup;
			children = (
				9FCEBBD918E48A2E00D868E0 /* Base */,
			);
			name = Main.storyboard;
			sourceTree = "<group>";
		};
		9FCEBBEE18E48A2E00D868E0 /* InfoPlist.strings */ = {
			isa = PBXVariantGroup;
			children = (
				9FCEBBEF18E48A2E00D868E0 /* en */,
			);
			name = InfoPlist.strings;
			sourceTree = "<group>";
		};
/* End PBXVariantGroup section */

/* Begin XCBuildConfiguration section */
		9FCEBBF318E48A2E00D868E0 /* Debug */ = {
			isa = XCBuildConfiguration;
			buildSettings = {
				ALWAYS_SEARCH_USER_PATHS = NO;
				CLANG_CXX_LANGUAGE_STANDARD = "gnu++0x";
				CLANG_CXX_LIBRARY = "libc++";
				CLANG_ENABLE_MODULES = YES;
				CLANG_ENABLE_OBJC_ARC = YES;
				CLANG_WARN_BOOL_CONVERSION = YES;
				CLANG_WARN_CONSTANT_CONVERSION = YES;
				CLANG_WARN_DIRECT_OBJC_ISA_USAGE = YES_ERROR;
				CLANG_WARN_EMPTY_BODY = YES;
				CLANG_WARN_ENUM_CONVERSION = YES;
				CLANG_WARN_INT_CONVERSION = YES;
				CLANG_WARN_OBJC_ROOT_CLASS = YES_ERROR;
				CLANG_WARN__DUPLICATE_METHOD_MATCH = YES;
				"CODE_SIGN_IDENTITY[sdk=iphoneos*]" = "iPhone Developer";
				COPY_PHASE_STRIP = NO;
				GCC_C_LANGUAGE_STANDARD = gnu99;
				GCC_DYNAMIC_NO_PIC = NO;
				GCC_OPTIMIZATION_LEVEL = 0;
				GCC_PREPROCESSOR_DEFINITIONS = (
					"DEBUG=1",
					"$(inherited)",
				);
				GCC_SYMBOLS_PRIVATE_EXTERN = NO;
				GCC_WARN_64_TO_32_BIT_CONVERSION = YES;
				GCC_WARN_ABOUT_RETURN_TYPE = YES_ERROR;
				GCC_WARN_UNDECLARED_SELECTOR = YES;
				GCC_WARN_UNINITIALIZED_AUTOS = YES_AGGRESSIVE;
				GCC_WARN_UNUSED_FUNCTION = YES;
				GCC_WARN_UNUSED_VARIABLE = YES;
				IPHONEOS_DEPLOYMENT_TARGET = 7.1;
				ONLY_ACTIVE_ARCH = YES;
				SDKROOT = iphoneos;
			};
			name = Debug;
		};
		9FCEBBF418E48A2E00D868E0 /* Release */ = {
			isa = XCBuildConfiguration;
			buildSettings = {
				ALWAYS_SEARCH_USER_PATHS = NO;
				CLANG_CXX_LANGUAGE_STANDARD = "gnu++0x";
				CLANG_CXX_LIBRARY = "libc++";
				CLANG_ENABLE_MODULES = YES;
				CLANG_ENABLE_OBJC_ARC = YES;
				CLANG_WARN_BOOL_CONVERSION = YES;
				CLANG_WARN_CONSTANT_CONVERSION = YES;
				CLANG_WARN_DIRECT_OBJC_ISA_USAGE = YES_ERROR;
				CLANG_WARN_EMPTY_BODY = YES;
				CLANG_WARN_ENUM_CONVERSION = YES;
				CLANG_WARN_INT_CONVERSION = YES;
				CLANG_WARN_OBJC_ROOT_CLASS = YES_ERROR;
				CLANG_WARN__DUPLICATE_METHOD_MATCH = YES;
				"CODE_SIGN_IDENTITY[sdk=iphoneos*]" = "iPhone Developer";
				COPY_PHASE_STRIP = YES;
				ENABLE_NS_ASSERTIONS = NO;
				GCC_C_LANGUAGE_STANDARD = gnu99;
				GCC_WARN_64_TO_32_BIT_CONVERSION = YES;
				GCC_WARN_ABOUT_RETURN_TYPE = YES_ERROR;
				GCC_WARN_UNDECLARED_SELECTOR = YES;
				GCC_WARN_UNINITIALIZED_AUTOS = YES_AGGRESSIVE;
				GCC_WARN_UNUSED_FUNCTION = YES;
				GCC_WARN_UNUSED_VARIABLE = YES;
				IPHONEOS_DEPLOYMENT_TARGET = 7.1;
				SDKROOT = iphoneos;
				VALIDATE_PRODUCT = YES;
			};
			name = Release;
		};
		9FCEBBF618E48A2E00D868E0 /* Debug */ = {
			isa = XCBuildConfiguration;
			buildSettings = {
				ASSETCATALOG_COMPILER_APPICON_NAME = AppIcon;
				ASSETCATALOG_COMPILER_LAUNCHIMAGE_NAME = LaunchImage;
				GCC_PRECOMPILE_PREFIX_HEADER = YES;
				GCC_PREFIX_HEADER = "Piyavate Care/Piyavate Care-Prefix.pch";
				INFOPLIST_FILE = "Piyavate Care/Piyavate Care-Info.plist";
				PRODUCT_NAME = "$(TARGET_NAME)";
				WRAPPER_EXTENSION = app;
			};
			name = Debug;
		};
		9FCEBBF718E48A2E00D868E0 /* Release */ = {
			isa = XCBuildConfiguration;
			buildSettings = {
				ASSETCATALOG_COMPILER_APPICON_NAME = AppIcon;
				ASSETCATALOG_COMPILER_LAUNCHIMAGE_NAME = LaunchImage;
				GCC_PRECOMPILE_PREFIX_HEADER = YES;
				GCC_PREFIX_HEADER = "Piyavate Care/Piyavate Care-Prefix.pch";
				INFOPLIST_FILE = "Piyavate Care/Piyavate Care-Info.plist";
				PRODUCT_NAME = "$(TARGET_NAME)";
				WRAPPER_EXTENSION = app;
			};
			name = Release;
		};
		9FCEBBF918E48A2E00D868E0 /* Debug */ = {
			isa = XCBuildConfiguration;
			buildSettings = {
				BUNDLE_LOADER = "$(BUILT_PRODUCTS_DIR)/Piyavate Care.app/Piyavate Care";
				FRAMEWORK_SEARCH_PATHS = (
					"$(SDKROOT)/Developer/Library/Frameworks",
					"$(inherited)",
					"$(DEVELOPER_FRAMEWORKS_DIR)",
				);
				GCC_PRECOMPILE_PREFIX_HEADER = YES;
				GCC_PREFIX_HEADER = "Piyavate Care/Piyavate Care-Prefix.pch";
				GCC_PREPROCESSOR_DEFINITIONS = (
					"DEBUG=1",
					"$(inherited)",
				);
				INFOPLIST_FILE = "Piyavate CareTests/Piyavate CareTests-Info.plist";
				PRODUCT_NAME = "$(TARGET_NAME)";
				TEST_HOST = "$(BUNDLE_LOADER)";
				WRAPPER_EXTENSION = xctest;
			};
			name = Debug;
		};
		9FCEBBFA18E48A2E00D868E0 /* Release */ = {
			isa = XCBuildConfiguration;
			buildSettings = {
				BUNDLE_LOADER = "$(BUILT_PRODUCTS_DIR)/Piyavate Care.app/Piyavate Care";
				FRAMEWORK_SEARCH_PATHS = (
					"$(SDKROOT)/Developer/Library/Frameworks",
					"$(inherited)",
					"$(DEVELOPER_FRAMEWORKS_DIR)",
				);
				GCC_PRECOMPILE_PREFIX_HEADER = YES;
				GCC_PREFIX_HEADER = "Piyavate Care/Piyavate Care-Prefix.pch";
				INFOPLIST_FILE = "Piyavate CareTests/Piyavate CareTests-Info.plist";
				PRODUCT_NAME = "$(TARGET_NAME)";
				TEST_HOST = "$(BUNDLE_LOADER)";
				WRAPPER_EXTENSION = xctest;
			};
			name = Release;
		};
/* End XCBuildConfiguration section */

/* Begin XCConfigurationList section */
		9FCEBBBE18E48A2E00D868E0 /* Build configuration list for PBXProject "Piyavate Care" */ = {
			isa = XCConfigurationList;
			buildConfigurations = (
				9FCEBBF318E48A2E00D868E0 /* Debug */,
				9FCEBBF418E48A2E00D868E0 /* Release */,
			);
			defaultConfigurationIsVisible = 0;
			defaultConfigurationName = Release;
		};
		9FCEBBF518E48A2E00D868E0 /* Build configuration list for PBXNativeTarget "Piyavate Care" */ = {
			isa = XCConfigurationList;
			buildConfigurations = (
				9FCEBBF618E48A2E00D868E0 /* Debug */,
				9FCEBBF718E48A2E00D868E0 /* Release */,
			);
			defaultConfigurationIsVisible = 0;
			defaultConfigurationName = Release;
		};
		9FCEBBF818E48A2E00D868E0 /* Build configuration list for PBXNativeTarget "Piyavate CareTests" */ = {
			isa = XCConfigurationList;
			buildConfigurations = (
				9FCEBBF918E48A2E00D868E0 /* Debug */,
				9FCEBBFA18E48A2E00D868E0 /* Release */,
			);
			defaultConfigurationIsVisible = 0;
			defaultConfigurationName = Release;
		};
/* End XCConfigurationList section */
	};
	rootObject = 9FCEBBBB18E48A2E00D868E0 /* Project object */;
}
