// !$*UTF8*$!
{
	archiveVersion = 1;
	classes = {
	};
	objectVersion = 46;
	objects = {

/* Begin PBXBuildFile section */
		9FCEBBC718E48A2E00D868E0 /* Foundation.framework in Frameworks */ = {isa = PBXBuildFile; fileRef = 9FCEBBC618E48A2E00D868E0 /* Foundation.framework */; };
		9FCEBBC918E48A2E00D868E0 /* CoreGraphics.framework in Frameworks */ = {isa = PBXBuildFile; fileRef = 9FCEBBC818E48A2E00D868E0 /* CoreGraphics.framework */; };
		9FCEBBCB18E48A2E00D868E0 /* UIKit.framework in Frameworks */ = {isa = PBXBuildFile; fileRef = 9FCEBBCA18E48A2E00D868E0 /* UIKit.framework */; };
		9FCEBBD118E48A2E00D868E0 /* InfoPlist.strings in Resources */ = {isa = PBXBuildFile; fileRef = 9FCEBBCF18E48A2E00D868E0 /* InfoPlist.strings */; };
		9FCEBBD318E48A2E00D868E0 /* main.m in Sources */ = {isa = PBXBuildFile; fileRef = 9FCEBBD218E48A2E00D868E0 /* main.m */; };
		9FCEBBD718E48A2E00D868E0 /* AppDelegate.m in Sources */ = {isa = PBXBuildFile; fileRef = 9FCEBBD618E48A2E00D868E0 /* AppDelegate.m */; };
		9FCEBBDA18E48A2E00D868E0 /* Main.storyboard in Resources */ = {isa = PBXBuildFile; fileRef = 9FCEBBD818E48A2E00D868E0 /* Main.storyboard */; };
		9FCEBBDD18E48A2E00D868E0 /* ViewController.m in Sources */ = {isa = PBXBuildFile; fileRef = 9FCEBBDC18E48A2E00D868E0 /* ViewController.m */; };
		9FCEBBDF18E48A2E00D868E0 /* Images.xcassets in Resources */ = {isa = PBXBuildFile; fileRef = 9FCEBBDE18E48A2E00D868E0 /* Images.xcassets */; };
		9FCEBBE618E48A2E00D868E0 /* XCTest.framework in Frameworks */ = {isa = PBXBuildFile; fileRef = 9FCEBBE518E48A2E00D868E0 /* XCTest.framework */; };
		9FCEBBE718E48A2E00D868E0 /* Foundation.framework in Frameworks */ = {isa = PBXBuildFile; fileRef = 9FCEBBC618E48A2E00D868E0 /* Foundation.framework */; };
		9FCEBBE818E48A2E00D868E0 /* UIKit.framework in Frameworks */ = {isa = PBXBuildFile; fileRef = 9FCEBBCA18E48A2E00D868E0 /* UIKit.framework */; };
		9FCEBBF018E48A2E00D868E0 /* InfoPlist.strings in Resources */ = {isa = PBXBuildFile; fileRef = 9FCEBBEE18E48A2E00D868E0 /* InfoPlist.strings */; };
		9FCEBBF218E48A2E00D868E0 /* Piyavate_CareTests.m in Sources */ = {isa = PBXBuildFile; fileRef = 9FCEBBF118E48A2E00D868E0 /* Piyavate_CareTests.m */; };
		9FCEBBFC18E48CDA00D868E0 /* bg.png in Resources */ = {isa = PBXBuildFile; fileRef = 9FCEBBFB18E48CDA00D868E0 /* bg.png */; };
		9FCEBBFE18E499FF00D868E0 /* bg@2x.png in Resources */ = {isa = PBXBuildFile; fileRef = 9FCEBBFD18E499FF00D868E0 /* bg@2x.png */; };
		9FE0469318E9212A00AB2A40 /* SVProgressHUD.m in Sources */ = {isa = PBXBuildFile; fileRef = 9FE0469118E9212A00AB2A40 /* SVProgressHUD.m */; };
		9FE0469418E9212A00AB2A40 /* SVProgressHUD.bundle in Resources */ = {isa = PBXBuildFile; fileRef = 9FE0469218E9212A00AB2A40 /* SVProgressHUD.bundle */; };
		9FE0469718E921D300AB2A40 /* QuartzCore.framework in Frameworks */ = {isa = PBXBuildFile; fileRef = 9FE0469618E921D300AB2A40 /* QuartzCore.framework */; };
		9FE0469D18E9F9B700AB2A40 /* SignupViewController.m in Sources */ = {isa = PBXBuildFile; fileRef = 9FE0469B18E9F9B700AB2A40 /* SignupViewController.m */; };
		9FE0469E18E9F9B700AB2A40 /* SignupViewController.xib in Resources */ = {isa = PBXBuildFile; fileRef = 9FE0469C18E9F9B700AB2A40 /* SignupViewController.xib */; };
/* End PBXBuildFile section */

/* Begin PBXContainerItemProxy section */
		9FCEBBE918E48A2E00D868E0 /* PBXContainerItemProxy */ = {
			isa = PBXContainerItemProxy;
			containerPortal = 9FCEBBBB18E48A2E00D868E0 /* Project object */;
			proxyType = 1;
			remoteGlobalIDString = 9FCEBBC218E48A2E00D868E0;
			remoteInfo = "Piyavate Care";
		};
/* End PBXContainerItemProxy section */

/* Begin PBXFileReference section */
		9FCEBBC318E48A2E00D868E0 /* Piyavate Care.app */ = {isa = PBXFileReference; explicitFileType = wrapper.application; includeInIndex = 0; path = "Piyavate Care.app"; sourceTree = BUILT_PRODUCTS_DIR; };
		9FCEBBC618E48A2E00D868E0 /* Foundation.framework */ = {isa = PBXFileReference; lastKnownFileType = wrapper.framework; name = Foundation.framework; path = System/Library/Frameworks/Foundation.framework; sourceTree = SDKROOT; };
		9FCEBBC818E48A2E00D868E0 /* CoreGraphics.framework */ = {isa = PBXFileReference; lastKnownFileType = wrapper.framework; name = CoreGraphics.framework; path = System/Library/Frameworks/CoreGraphics.framework; sourceTree = SDKROOT; };
		9FCEBBCA18E48A2E00D868E0 /* UIKit.framework */ = {isa = PBXFileReference; lastKnownFileType = wrapper.framework; name = UIKit.framework; path = System/Library/Frameworks/UIKit.framework; sourceTree = SDKROOT; };
		9FCEBBCE18E48A2E00D868E0 /* Piyavate Care-Info.plist */ = {isa = PBXFileReference; lastKnownFileType = text.plist.xml; path = "Piyavate Care-Info.plist"; sourceTree = "<group>"; };
		9FCEBBD018E48A2E00D868E0 /* en */ = {isa = PBXFileReference; lastKnownFileType = text.plist.strings; name = en; path = en.lproj/InfoPlist.strings; sourceTree = "<group>"; };
		9FCEBBD218E48A2E00D868E0 /* main.m */ = {isa = PBXFileReference; lastKnownFileType = sourcecode.c.objc; path = main.m; sourceTree = "<group>"; };
		9FCEBBD418E48A2E00D868E0 /* Piyavate Care-Prefix.pch */ = {isa = PBXFileReference; lastKnownFileType = sourcecode.c.h; path = "Piyavate Care-Prefix.pch"; sourceTree = "<group>"; };
		9FCEBBD518E48A2E00D868E0 /* AppDelegate.h */ = {isa = PBXFileReference; lastKnownFileType = sourcecode.c.h; path = AppDelegate.h; sourceTree = "<group>"; };
		9FCEBBD618E48A2E00D868E0 /* AppDelegate.m */ = {isa = PBXFileReference; lastKnownFileType = sourcecode.c.objc; path = AppDelegate.m; sourceTree = "<group>"; };
		9FCEBBD918E48A2E00D868E0 /* Base */ = {isa = PBXFileReference; lastKnownFileType = file.storyboard; name = Base; path = Base.lproj/Main.storyboard; sourceTree = "<group>"; };
		9FCEBBDB18E48A2E00D868E0 /* ViewController.h */ = {isa = PBXFileReference; lastKnownFileType = sourcecode.c.h; path = ViewController.h; sourceTree = "<group>"; };
		9FCEBBDC18E48A2E00D868E0 /* ViewController.m */ = {isa = PBXFileReference; lastKnownFileType = sourcecode.c.objc; path = ViewController.m; sourceTree = "<group>"; };
		9FCEBBDE18E48A2E00D868E0 /* Images.xcassets */ = {isa = PBXFileReference; lastKnownFileType = folder.assetcatalog; path = Images.xcassets; sourceTree = "<group>"; };
		9FCEBBE418E48A2E00D868E0 /* Piyavate CareTests.xctest */ = {isa = PBXFileReference; explicitFileType = wrapper.cfbundle; includeInIndex = 0; path = "Piyavate CareTests.xctest"; sourceTree = BUILT_PRODUCTS_DIR; };
		9FCEBBE518E48A2E00D868E0 /* XCTest.framework */ = {isa = PBXFileReference; lastKnownFileType = wrapper.framework; name = XCTest.framework; path = Library/Frameworks/XCTest.framework; sourceTree = DEVELOPER_DIR; };
		9FCEBBED18E48A2E00D868E0 /* Piyavate CareTests-Info.plist */ = {isa = PBXFileReference; lastKnownFileType = text.plist.xml; path = "Piyavate CareTests-Info.plist"; sourceTree = "<group>"; };
		9FCEBBEF18E48A2E00D868E0 /* en */ = {isa = PBXFileReference; lastKnownFileType = text.plist.strings; name = en; path = en.lproj/InfoPlist.strings; sourceTree = "<group>"; };
		9FCEBBF118E48A2E00D868E0 /* Piyavate_CareTests.m */ = {isa = PBXFileReference; lastKnownFileType = sourcecode.c.objc; path = Piyavate_CareTests.m; sourceTree = "<group>"; };
		9FCEBBFB18E48CDA00D868E0 /* bg.png */ = {isa = PBXFileReference; lastKnownFileType = image.png; path = bg.png; sourceTree = "<group>"; };
		9FCEBBFD18E499FF00D868E0 /* bg@2x.png */ = {isa = PBXFileReference; lastKnownFileType = image.png; path = "bg@2x.png"; sourceTree = "<group>"; };
		9FE0469018E9212A00AB2A40 /* SVProgressHUD.h */ = {isa = PBXFileReference; fileEncoding = 4; lastKnownFileType = sourcecode.c.h; path = SVProgressHUD.h; sourceTree = "<group>"; };
		9FE0469118E9212A00AB2A40 /* SVProgressHUD.m */ = {isa = PBXFileReference; fileEncoding = 4; lastKnownFileType = sourcecode.c.objc; path = SVProgressHUD.m; sourceTree = "<group>"; };
		9FE0469218E9212A00AB2A40 /* SVProgressHUD.bundle */ = {isa = PBXFileReference; lastKnownFileType = "wrapper.plug-in"; path = SVProgressHUD.bundle; sourceTree = "<group>"; };
		9FE0469618E921D300AB2A40 /* QuartzCore.framework */ = {isa = PBXFileReference; lastKnownFileType = wrapper.framework; name = QuartzCore.framework; path = System/Library/Frameworks/QuartzCore.framework; sourceTree = SDKROOT; };
		9FE0469A18E9F9B700AB2A40 /* SignupViewController.h */ = {isa = PBXFileReference; fileEncoding = 4; lastKnownFileType = sourcecode.c.h; path = SignupViewController.h; sourceTree = "<group>"; };
		9FE0469B18E9F9B700AB2A40 /* SignupViewController.m */ = {isa = PBXFileReference; fileEncoding = 4; lastKnownFileType = sourcecode.c.objc; path = SignupViewController.m; sourceTree = "<group>"; };
		9FE0469C18E9F9B700AB2A40 /* SignupViewController.xib */ = {isa = PBXFileReference; fileEncoding = 4; lastKnownFileType = file.xib; path = SignupViewController.xib; sourceTree = "<group>"; };
/* End PBXFileReference section */

/* Begin PBXFrameworksBuildPhase section */
		9FCEBBC018E48A2E00D868E0 /* Frameworks */ = {
			isa = PBXFrameworksBuildPhase;
			buildActionMask = 2147483647;
			files = (
				9FE0469718E921D300AB2A40 /* QuartzCore.framework in Frameworks */,
				9FCEBBC918E48A2E00D868E0 /* CoreGraphics.framework in Frameworks */,
				9FCEBBCB18E48A2E00D868E0 /* UIKit.framework in Frameworks */,
				9FCEBBC718E48A2E00D868E0 /* Foundation.framework in Frameworks */,
			);
			runOnlyForDeploymentPostprocessing = 0;
		};
		9FCEBBE118E48A2E00D868E0 /* Frameworks */ = {
			isa = PBXFrameworksBuildPhase;
			buildActionMask = 2147483647;
			files = (
				9FCEBBE618E48A2E00D868E0 /* XCTest.framework in Frameworks */,
				9FCEBBE818E48A2E00D868E0 /* UIKit.framework in Frameworks */,
				9FCEBBE718E48A2E00D868E0 /* Foundation.framework in Frameworks */,
			);
			runOnlyForDeploymentPostprocessing = 0;
		};
/* End PBXFrameworksBuildPhase section */

/* Begin PBXGroup section */
		9FCEBBBA18E48A2E00D868E0 = {
			isa = PBXGroup;
			children = (
				9FCEBBCC18E48A2E00D868E0 /* Piyavate Care */,
				9FCEBBEB18E48A2E00D868E0 /* Piyavate CareTests */,
				9FCEBBC518E48A2E00D868E0 /* Frameworks */,
				9FCEBBC418E48A2E00D868E0 /* Products */,
			);
			sourceTree = "<group>";
		};
		9FCEBBC418E48A2E00D868E0 /* Products */ = {
			isa = PBXGroup;
			children = (
				9FCEBBC318E48A2E00D868E0 /* Piyavate Care.app */,
				9FCEBBE418E48A2E00D868E0 /* Piyavate CareTests.xctest */,
			);
			name = Products;
			sourceTree = "<group>";
		};
		9FCEBBC518E48A2E00D868E0 /* Frameworks */ = {
			isa = PBXGroup;
			children = (
				9FE0469618E921D300AB2A40 /* QuartzCore.framework */,
				9FCEBBC618E48A2E00D868E0 /* Foundation.framework */,
				9FCEBBC818E48A2E00D868E0 /* CoreGraphics.framework */,
				9FCEBBCA18E48A2E00D868E0 /* UIKit.framework */,
				9FCEBBE518E48A2E00D868E0 /* XCTest.framework */,
			);
			name = Frameworks;
			sourceTree = "<group>";
		};
		9FCEBBCC18E48A2E00D868E0 /* Piyavate Care */ = {
			isa = PBXGroup;
			children = (
				9FE0469518E9212D00AB2A40 /* SVProgressHUD */,
				9FCEBBD518E48A2E00D868E0 /* AppDelegate.h */,
				9FCEBBD618E48A2E00D868E0 /* AppDelegate.m */,
				9FCEBBD818E48A2E00D868E0 /* Main.storyboard */,
				9FE0469F18E9F9CB00AB2A40 /* SignUp */,
				9FE0469918E9223C00AB2A40 /* SignIn */,
				9FE0469818E9223000AB2A40 /* Resources */,
				9FCEBBDE18E48A2E00D868E0 /* Images.xcassets */,
				9FCEBBCD18E48A2E00D868E0 /* Supporting Files */,
			);
			path = "Piyavate Care";
			sourceTree = "<group>";
		};
		9FCEBBCD18E48A2E00D868E0 /* Supporting Files */ = {
			isa = PBXGroup;
			children = (
				9FCEBBCE18E48A2E00D868E0 /* Piyavate Care-Info.plist */,
				9FCEBBCF18E48A2E00D868E0 /* InfoPlist.strings */,
				9FCEBBD218E48A2E00D868E0 /* main.m */,
				9FCEBBD418E48A2E00D868E0 /* Piyavate Care-Prefix.pch */,
			);
			name = "Supporting Files";
			sourceTree = "<group>";
		};
		9FCEBBEB18E48A2E00D868E0 /* Piyavate CareTests */ = {
			isa = PBXGroup;
			children = (
				9FCEBBF118E48A2E00D868E0 /* Piyavate_CareTests.m */,
				9FCEBBEC18E48A2E00D868E0 /* Supporting Files */,
			);
			path = "Piyavate CareTests";
			sourceTree = "<group>";
		};
		9FCEBBEC18E48A2E00D868E0 /* Supporting Files */ = {
			isa = PBXGroup;
			children = (
				9FCEBBED18E48A2E00D868E0 /* Piyavate CareTests-Info.plist */,
				9FCEBBEE18E48A2E00D868E0 /* InfoPlist.strings */,
			);
			name = "Supporting Files";
			sourceTree = "<group>";
		};
		9FE0469518E9212D00AB2A40 /* SVProgressHUD */ = {
			isa = PBXGroup;
			children = (
				9FE0469018E9212A00AB2A40 /* SVProgressHUD.h */,
				9FE0469118E9212A00AB2A40 /* SVProgressHUD.m */,
				9FE0469218E9212A00AB2A40 /* SVProgressHUD.bundle */,
			);
			name = SVProgressHUD;
			sourceTree = "<group>";
		};
		9FE0469818E9223000AB2A40 /* Resources */ = {
			isa = PBXGroup;
			children = (
				9FCEBBFB18E48CDA00D868E0 /* bg.png */,
				9FCEBBFD18E499FF00D868E0 /* bg@2x.png */,
			);
			name = Resources;
			sourceTree = "<group>";
		};
		9FE0469918E9223C00AB2A40 /* SignIn */ = {
			isa = PBXGroup;
			children = (
				9FCEBBDB18E48A2E00D868E0 /* ViewController.h */,
				9FCEBBDC18E48A2E00D868E0 /* ViewController.m */,
			);
			name = SignIn;
			sourceTree = "<group>";
		};
		9FE0469F18E9F9CB00AB2A40 /* SignUp */ = {
			isa = PBXGroup;
			children = (
				9FE0469A18E9F9B700AB2A40 /* SignupViewController.h */,
				9FE0469B18E9F9B700AB2A40 /* SignupViewController.m */,
				9FE0469C18E9F9B700AB2A40 /* SignupViewController.xib */,
			);
			name = SignUp;
			sourceTree = "<group>";
		};
/* End PBXGroup section */

/* Begin PBXNativeTarget section */
		9FCEBBC218E48A2E00D868E0 /* Piyavate Care */ = {
			isa = PBXNativeTarget;
			buildConfigurationList = 9FCEBBF518E48A2E00D868E0 /* Build configuration list for PBXNativeTarget "Piyavate Care" */;
			buildPhases = (
				9FCEBBBF18E48A2E00D868E0 /* Sources */,
				9FCEBBC018E48A2E00D868E0 /* Frameworks */,
				9FCEBBC118E48A2E00D868E0 /* Resources */,
			);
			buildRules = (
			);
			dependencies = (
			);
			name = "Piyavate Care";
			productName = "Piyavate Care";
			productReference = 9FCEBBC318E48A2E00D868E0 /* Piyavate Care.app */;
			productType = "com.apple.product-type.application";
		};
		9FCEBBE318E48A2E00D868E0 /* Piyavate CareTests */ = {
			isa = PBXNativeTarget;
			buildConfigurationList = 9FCEBBF818E48A2E00D868E0 /* Build configuration list for PBXNativeTarget "Piyavate CareTests" */;
			buildPhases = (
				9FCEBBE018E48A2E00D868E0 /* Sources */,
				9FCEBBE118E48A2E00D868E0 /* Frameworks */,
				9FCEBBE218E48A2E00D868E0 /* Resources */,
			);
			buildRules = (
			);
			dependencies = (
				9FCEBBEA18E48A2E00D868E0 /* PBXTargetDependency */,
			);
			name = "Piyavate CareTests";
			productName = "Piyavate CareTests";
			productReference = 9FCEBBE418E48A2E00D868E0 /* Piyavate CareTests.xctest */;
			productType = "com.apple.product-type.bundle.unit-test";
		};
/* End PBXNativeTarget section */

/* Begin PBXProject section */
		9FCEBBBB18E48A2E00D868E0 /* Project object */ = {
			isa = PBXProject;
			attributes = {
				LastUpgradeCheck = 0510;
				ORGANIZATIONNAME = QOOFHOUSE;
				TargetAttributes = {
					9FCEBBE318E48A2E00D868E0 = {
						TestTargetID = 9FCEBBC218E48A2E00D868E0;
					};
				};
			};
			buildConfigurationList = 9FCEBBBE18E48A2E00D868E0 /* Build configuration list for PBXProject "Piyavate Care" */;
			compatibilityVersion = "Xcode 3.2";
			developmentRegion = English;
			hasScannedForEncodings = 0;
			knownRegions = (
				en,
				Base,
			);
			mainGroup = 9FCEBBBA18E48A2E00D868E0;
			productRefGroup = 9FCEBBC418E48A2E00D868E0 /* Products */;
			projectDirPath = "";
			projectRoot = "";
			targets = (
				9FCEBBC218E48A2E00D868E0 /* Piyavate Care */,
				9FCEBBE318E48A2E00D868E0 /* Piyavate CareTests */,
			);
		};
/* End PBXProject section */

/* Begin PBXResourcesBuildPhase section */
		9FCEBBC118E48A2E00D868E0 /* Resources */ = {
			isa = PBXResourcesBuildPhase;
			buildActionMask = 2147483647;
			files = (
				9FCEBBDF18E48A2E00D868E0 /* Images.xcassets in Resources */,
				9FE0469418E9212A00AB2A40 /* SVProgressHUD.bundle in Resources */,
				9FCEBBD118E48A2E00D868E0 /* InfoPlist.strings in Resources */,
				9FCEBBFC18E48CDA00D868E0 /* bg.png in Resources */,
				9FCEBBDA18E48A2E00D868E0 /* Main.storyboard in Resources */,
				9FE0469E18E9F9B700AB2A40 /* SignupViewController.xib in Resources */,
				9FCEBBFE18E499FF00D868E0 /* bg@2x.png in Resources */,
			);
			runOnlyForDeploymentPostprocessing = 0;
		};
		9FCEBBE218E48A2E00D868E0 /* Resources */ = {
			isa = PBXResourcesBuildPhase;
			buildActionMask = 2147483647;
			files = (
				9FCEBBF018E48A2E00D868E0 /* InfoPlist.strings in Resources */,
			);
			runOnlyForDeploymentPostprocessing = 0;
		};
/* End PBXResourcesBuildPhase section */

/* Begin PBXSourcesBuildPhase section */
		9FCEBBBF18E48A2E00D868E0 /* Sources */ = {
			isa = PBXSourcesBuildPhase;
			buildActionMask = 2147483647;
			files = (
				9FCEBBDD18E48A2E00D868E0 /* ViewController.m in Sources */,
				9FE0469318E9212A00AB2A40 /* SVProgressHUD.m in Sources */,
				9FCEBBD718E48A2E00D868E0 /* AppDelegate.m in Sources */,
				9FCEBBD318E48A2E00D868E0 /* main.m in Sources */,
				9FE0469D18E9F9B700AB2A40 /* SignupViewController.m in Sources */,
			);
			runOnlyForDeploymentPostprocessing = 0;
		};
		9FCEBBE018E48A2E00D868E0 /* Sources */ = {
			isa = PBXSourcesBuildPhase;
			buildActionMask = 2147483647;
			files = (
				9FCEBBF218E48A2E00D868E0 /* Piyavate_CareTests.m in Sources */,
			);
			runOnlyForDeploymentPostprocessing = 0;
		};
/* End PBXSourcesBuildPhase section */

/* Begin PBXTargetDependency section */
		9FCEBBEA18E48A2E00D868E0 /* PBXTargetDependency */ = {
			isa = PBXTargetDependency;
			target = 9FCEBBC218E48A2E00D868E0 /* Piyavate Care */;
			targetProxy = 9FCEBBE918E48A2E00D868E0 /* PBXContainerItemProxy */;
		};
/* End PBXTargetDependency section */

/* Begin PBXVariantGroup section */
		9FCEBBCF18E48A2E00D868E0 /* InfoPlist.strings */ = {
			isa = PBXVariantGroup;
			children = (
				9FCEBBD018E48A2E00D868E0 /* en */,
			);
			name = InfoPlist.strings;
			sourceTree = "<group>";
		};
		9FCEBBD818E48A2E00D868E0 /* Main.storyboard */ = {
			isa = PBXVariantGroup;
			children = (
				9FCEBBD918E48A2E00D868E0 /* Base */,
			);
			name = Main.storyboard;
			sourceTree = "<group>";
		};
		9FCEBBEE18E48A2E00D868E0 /* InfoPlist.strings */ = {
			isa = PBXVariantGroup;
			children = (
				9FCEBBEF18E48A2E00D868E0 /* en */,
			);
			name = InfoPlist.strings;
			sourceTree = "<group>";
		};
/* End PBXVariantGroup section */

/* Begin XCBuildConfiguration section */
		9FCEBBF318E48A2E00D868E0 /* Debug */ = {
			isa = XCBuildConfiguration;
			buildSettings = {
				ALWAYS_SEARCH_USER_PATHS = NO;
				CLANG_CXX_LANGUAGE_STANDARD = "gnu++0x";
				CLANG_CXX_LIBRARY = "libc++";
				CLANG_ENABLE_MODULES = YES;
				CLANG_ENABLE_OBJC_ARC = YES;
				CLANG_WARN_BOOL_CONVERSION = YES;
				CLANG_WARN_CONSTANT_CONVERSION = YES;
				CLANG_WARN_DIRECT_OBJC_ISA_USAGE = YES_ERROR;
				CLANG_WARN_EMPTY_BODY = YES;
				CLANG_WARN_ENUM_CONVERSION = YES;
				CLANG_WARN_INT_CONVERSION = YES;
				CLANG_WARN_OBJC_ROOT_CLASS = YES_ERROR;
				CLANG_WARN__DUPLICATE_METHOD_MATCH = YES;
				"CODE_SIGN_IDENTITY[sdk=iphoneos*]" = "iPhone Developer";
				COPY_PHASE_STRIP = NO;
				GCC_C_LANGUAGE_STANDARD = gnu99;
				GCC_DYNAMIC_NO_PIC = NO;
				GCC_OPTIMIZATION_LEVEL = 0;
				GCC_PREPROCESSOR_DEFINITIONS = (
					"DEBUG=1",
					"$(inherited)",
				);
				GCC_SYMBOLS_PRIVATE_EXTERN = NO;
				GCC_WARN_64_TO_32_BIT_CONVERSION = YES;
				GCC_WARN_ABOUT_RETURN_TYPE = YES_ERROR;
				GCC_WARN_UNDECLARED_SELECTOR = YES;
				GCC_WARN_UNINITIALIZED_AUTOS = YES_AGGRESSIVE;
				GCC_WARN_UNUSED_FUNCTION = YES;
				GCC_WARN_UNUSED_VARIABLE = YES;
				IPHONEOS_DEPLOYMENT_TARGET = 7.1;
				ONLY_ACTIVE_ARCH = YES;
				SDKROOT = iphoneos;
			};
			name = Debug;
		};
		9FCEBBF418E48A2E00D868E0 /* Release */ = {
			isa = XCBuildConfiguration;
			buildSettings = {
				ALWAYS_SEARCH_USER_PATHS = NO;
				CLANG_CXX_LANGUAGE_STANDARD = "gnu++0x";
				CLANG_CXX_LIBRARY = "libc++";
				CLANG_ENABLE_MODULES = YES;
				CLANG_ENABLE_OBJC_ARC = YES;
				CLANG_WARN_BOOL_CONVERSION = YES;
				CLANG_WARN_CONSTANT_CONVERSION = YES;
				CLANG_WARN_DIRECT_OBJC_ISA_USAGE = YES_ERROR;
				CLANG_WARN_EMPTY_BODY = YES;
				CLANG_WARN_ENUM_CONVERSION = YES;
				CLANG_WARN_INT_CONVERSION = YES;
				CLANG_WARN_OBJC_ROOT_CLASS = YES_ERROR;
				CLANG_WARN__DUPLICATE_METHOD_MATCH = YES;
				"CODE_SIGN_IDENTITY[sdk=iphoneos*]" = "iPhone Developer";
				COPY_PHASE_STRIP = YES;
				ENABLE_NS_ASSERTIONS = NO;
				GCC_C_LANGUAGE_STANDARD = gnu99;
				GCC_WARN_64_TO_32_BIT_CONVERSION = YES;
				GCC_WARN_ABOUT_RETURN_TYPE = YES_ERROR;
				GCC_WARN_UNDECLARED_SELECTOR = YES;
				GCC_WARN_UNINITIALIZED_AUTOS = YES_AGGRESSIVE;
				GCC_WARN_UNUSED_FUNCTION = YES;
				GCC_WARN_UNUSED_VARIABLE = YES;
				IPHONEOS_DEPLOYMENT_TARGET = 7.1;
				SDKROOT = iphoneos;
				VALIDATE_PRODUCT = YES;
			};
			name = Release;
		};
		9FCEBBF618E48A2E00D868E0 /* Debug */ = {
			isa = XCBuildConfiguration;
			buildSettings = {
				ASSETCATALOG_COMPILER_APPICON_NAME = AppIcon;
				ASSETCATALOG_COMPILER_LAUNCHIMAGE_NAME = LaunchImage;
				GCC_PRECOMPILE_PREFIX_HEADER = YES;
				GCC_PREFIX_HEADER = "Piyavate Care/Piyavate Care-Prefix.pch";
				INFOPLIST_FILE = "Piyavate Care/Piyavate Care-Info.plist";
				PRODUCT_NAME = "$(TARGET_NAME)";
				WRAPPER_EXTENSION = app;
			};
			name = Debug;
		};
		9FCEBBF718E48A2E00D868E0 /* Release */ = {
			isa = XCBuildConfiguration;
			buildSettings = {
				ASSETCATALOG_COMPILER_APPICON_NAME = AppIcon;
				ASSETCATALOG_COMPILER_LAUNCHIMAGE_NAME = LaunchImage;
				GCC_PRECOMPILE_PREFIX_HEADER = YES;
				GCC_PREFIX_HEADER = "Piyavate Care/Piyavate Care-Prefix.pch";
				INFOPLIST_FILE = "Piyavate Care/Piyavate Care-Info.plist";
				PRODUCT_NAME = "$(TARGET_NAME)";
				WRAPPER_EXTENSION = app;
			};
			name = Release;
		};
		9FCEBBF918E48A2E00D868E0 /* Debug */ = {
			isa = XCBuildConfiguration;
			buildSettings = {
				BUNDLE_LOADER = "$(BUILT_PRODUCTS_DIR)/Piyavate Care.app/Piyavate Care";
				FRAMEWORK_SEARCH_PATHS = (
					"$(SDKROOT)/Developer/Library/Frameworks",
					"$(inherited)",
					"$(DEVELOPER_FRAMEWORKS_DIR)",
				);
				GCC_PRECOMPILE_PREFIX_HEADER = YES;
				GCC_PREFIX_HEADER = "Piyavate Care/Piyavate Care-Prefix.pch";
				GCC_PREPROCESSOR_DEFINITIONS = (
					"DEBUG=1",
					"$(inherited)",
				);
				INFOPLIST_FILE = "Piyavate CareTests/Piyavate CareTests-Info.plist";
				PRODUCT_NAME = "$(TARGET_NAME)";
				TEST_HOST = "$(BUNDLE_LOADER)";
				WRAPPER_EXTENSION = xctest;
			};
			name = Debug;
		};
		9FCEBBFA18E48A2E00D868E0 /* Release */ = {
			isa = XCBuildConfiguration;
			buildSettings = {
				BUNDLE_LOADER = "$(BUILT_PRODUCTS_DIR)/Piyavate Care.app/Piyavate Care";
				FRAMEWORK_SEARCH_PATHS = (
					"$(SDKROOT)/Developer/Library/Frameworks",
					"$(inherited)",
					"$(DEVELOPER_FRAMEWORKS_DIR)",
				);
				GCC_PRECOMPILE_PREFIX_HEADER = YES;
				GCC_PREFIX_HEADER = "Piyavate Care/Piyavate Care-Prefix.pch";
				INFOPLIST_FILE = "Piyavate CareTests/Piyavate CareTests-Info.plist";
				PRODUCT_NAME = "$(TARGET_NAME)";
				TEST_HOST = "$(BUNDLE_LOADER)";
				WRAPPER_EXTENSION = xctest;
			};
			name = Release;
		};
/* End XCBuildConfiguration section */

/* Begin XCConfigurationList section */
		9FCEBBBE18E48A2E00D868E0 /* Build configuration list for PBXProject "Piyavate Care" */ = {
			isa = XCConfigurationList;
			buildConfigurations = (
				9FCEBBF318E48A2E00D868E0 /* Debug */,
				9FCEBBF418E48A2E00D868E0 /* Release */,
			);
			defaultConfigurationIsVisible = 0;
			defaultConfigurationName = Release;
		};
		9FCEBBF518E48A2E00D868E0 /* Build configuration list for PBXNativeTarget "Piyavate Care" */ = {
			isa = XCConfigurationList;
			buildConfigurations = (
				9FCEBBF618E48A2E00D868E0 /* Debug */,
				9FCEBBF718E48A2E00D868E0 /* Release */,
			);
			defaultConfigurationIsVisible = 0;
			defaultConfigurationName = Release;
		};
		9FCEBBF818E48A2E00D868E0 /* Build configuration list for PBXNativeTarget "Piyavate CareTests" */ = {
			isa = XCConfigurationList;
			buildConfigurations = (
				9FCEBBF918E48A2E00D868E0 /* Debug */,
				9FCEBBFA18E48A2E00D868E0 /* Release */,
			);
			defaultConfigurationIsVisible = 0;
			defaultConfigurationName = Release;
		};
/* End XCConfigurationList section */
	};
	rootObject = 9FCEBBBB18E48A2E00D868E0 /* Project object */;
}
